
Microsoft Visual Studio Solution File, Format Version 12.00
# Visual Studio 14
VisualStudioVersion = 14.0.25123.0
MinimumVisualStudioVersion = 10.0.40219.1
Project("{FAE04EC0-301F-11D3-BF4B-00C04F79EFBC}") = "BudgetManager.Data", "BudgetManager.Data\BudgetManager.Data.csproj", "{A88D4671-E395-4953-AC42-A33BF548C4CB}"
EndProject
Project("{FAE04EC0-301F-11D3-BF4B-00C04F79EFBC}") = "BudgetManager.DbUpdater", "BudgetManager.DbUpdater\BudgetManager.DbUpdater.csproj", "{6E7A9C88-05B1-46B2-8048-128006784143}"
EndProject
Project("{FAE04EC0-301F-11D3-BF4B-00C04F79EFBC}") = "BudgetManager.Core", "BudgetManager.Core\BudgetManager.Core.csproj", "{0D01F482-CD66-4F7E-88DB-5F37E4534AAD}"
EndProject
Project("{FAE04EC0-301F-11D3-BF4B-00C04F79EFBC}") = "BudgetManager.Domain", "BudgetManager.Domain\BudgetManager.Domain.csproj", "{CDAD868F-BD00-4868-A4BC-A3531282DE1E}"
EndProject
Project("{FAE04EC0-301F-11D3-BF4B-00C04F79EFBC}") = "BudgetManager.Services", "BudgetManager.Services\BudgetManager.Services.csproj", "{72130A8F-813B-45F0-B12C-711D994DAFD2}"
EndProject
Project("{FAE04EC0-301F-11D3-BF4B-00C04F79EFBC}") = "BudgetManager", "BudgetManager\BudgetManager.csproj", "{B3C42FE8-0BB2-4134-8C84-6575EDC8E2EB}"
EndProject
Global
	GlobalSection(SolutionConfigurationPlatforms) = preSolution
		Debug|Any CPU = Debug|Any CPU
		Release|Any CPU = Release|Any CPU
	EndGlobalSection
	GlobalSection(ProjectConfigurationPlatforms) = postSolution
		{A88D4671-E395-4953-AC42-A33BF548C4CB}.Debug|Any CPU.ActiveCfg = Debug|Any CPU
		{A88D4671-E395-4953-AC42-A33BF548C4CB}.Debug|Any CPU.Build.0 = Debug|Any CPU
		{A88D4671-E395-4953-AC42-A33BF548C4CB}.Release|Any CPU.ActiveCfg = Release|Any CPU
		{A88D4671-E395-4953-AC42-A33BF548C4CB}.Release|Any CPU.Build.0 = Release|Any CPU
		{6E7A9C88-05B1-46B2-8048-128006784143}.Debug|Any CPU.ActiveCfg = Debug|Any CPU
		{6E7A9C88-05B1-46B2-8048-128006784143}.Debug|Any CPU.Build.0 = Debug|Any CPU
		{6E7A9C88-05B1-46B2-8048-128006784143}.Release|Any CPU.ActiveCfg = Release|Any CPU
		{6E7A9C88-05B1-46B2-8048-128006784143}.Release|Any CPU.Build.0 = Release|Any CPU
		{0D01F482-CD66-4F7E-88DB-5F37E4534AAD}.Debug|Any CPU.ActiveCfg = Debug|Any CPU
		{0D01F482-CD66-4F7E-88DB-5F37E4534AAD}.Debug|Any CPU.Build.0 = Debug|Any CPU
		{0D01F482-CD66-4F7E-88DB-5F37E4534AAD}.Release|Any CPU.ActiveCfg = Release|Any CPU
		{0D01F482-CD66-4F7E-88DB-5F37E4534AAD}.Release|Any CPU.Build.0 = Release|Any CPU
		{CDAD868F-BD00-4868-A4BC-A3531282DE1E}.Debug|Any CPU.ActiveCfg = Debug|Any CPU
		{CDAD868F-BD00-4868-A4BC-A3531282DE1E}.Debug|Any CPU.Build.0 = Debug|Any CPU
		{CDAD868F-BD00-4868-A4BC-A3531282DE1E}.Release|Any CPU.ActiveCfg = Release|Any CPU
		{CDAD868F-BD00-4868-A4BC-A3531282DE1E}.Release|Any CPU.Build.0 = Release|Any CPU
		{72130A8F-813B-45F0-B12C-711D994DAFD2}.Debug|Any CPU.ActiveCfg = Debug|Any CPU
		{72130A8F-813B-45F0-B12C-711D994DAFD2}.Debug|Any CPU.Build.0 = Debug|Any CPU
		{72130A8F-813B-45F0-B12C-711D994DAFD2}.Release|Any CPU.ActiveCfg = Release|Any CPU
		{72130A8F-813B-45F0-B12C-711D994DAFD2}.Release|Any CPU.Build.0 = Release|Any CPU
		{B3C42FE8-0BB2-4134-8C84-6575EDC8E2EB}.Debug|Any CPU.ActiveCfg = Debug|Any CPU
		{B3C42FE8-0BB2-4134-8C84-6575EDC8E2EB}.Debug|Any CPU.Build.0 = Debug|Any CPU
		{B3C42FE8-0BB2-4134-8C84-6575EDC8E2EB}.Release|Any CPU.ActiveCfg = Release|Any CPU
		{B3C42FE8-0BB2-4134-8C84-6575EDC8E2EB}.Release|Any CPU.Build.0 = Release|Any CPU
	EndGlobalSection
	GlobalSection(SolutionProperties) = preSolution
		HideSolutionNode = FALSE
	EndGlobalSection
EndGlobal
